
Microsoft Visual Studio Solution File, Format Version 12.00
# Visual Studio Version 17
VisualStudioVersion = 17.5.33530.505
MinimumVisualStudioVersion = 10.0.40219.1
Project("{9A19103F-16F7-4668-BE54-9A1E7A4F7556}") = "Nethermind.Crypto.Pairings", "Nethermind.Crypto.Pairings\Nethermind.Crypto.Pairings.csproj", "{DD34CB77-16F8-4B7D-8A88-9D76DA524BC6}"
EndProject
Global
	GlobalSection(SolutionConfigurationPlatforms) = preSolution
		Debug|Any CPU = Debug|Any CPU
		Release|Any CPU = Release|Any CPU
	EndGlobalSection
	GlobalSection(ProjectConfigurationPlatforms) = postSolution
		{DD34CB77-16F8-4B7D-8A88-9D76DA524BC6}.Debug|Any CPU.ActiveCfg = Debug|Any CPU
		{DD34CB77-16F8-4B7D-8A88-9D76DA524BC6}.Debug|Any CPU.Build.0 = Debug|Any CPU
		{DD34CB77-16F8-4B7D-8A88-9D76DA524BC6}.Release|Any CPU.ActiveCfg = Release|Any CPU
		{DD34CB77-16F8-4B7D-8A88-9D76DA524BC6}.Release|Any CPU.Build.0 = Release|Any CPU
	EndGlobalSection
	GlobalSection(SolutionProperties) = preSolution
		HideSolutionNode = FALSE
	EndGlobalSection
	GlobalSection(ExtensibilityGlobals) = postSolution
		SolutionGuid = {82138571-B719-4655-9DE2-AAB1396664ED}
	EndGlobalSection
EndGlobal
